
Microsoft Visual Studio Solution File, Format Version 12.00
# Visual Studio Version 17
VisualStudioVersion = 17.1.32328.378
MinimumVisualStudioVersion = 10.0.40219.1
Project("{9A19103F-16F7-4668-BE54-9A1E7A4F7556}") = "MyApp", "MyApp\MyApp.csproj", "{95227939-5FF7-42E5-9E52-6155B836E81E}"
EndProject
Project("{FAE04EC0-301F-11D3-BF4B-00C04F79EFBC}") = "MyApp.Contracts", "MyApp.Contracts\MyApp.Contracts.csproj", "{9D943006-4919-45FA-9286-50E7AA2891ED}"
EndProject
Project("{FAE04EC0-301F-11D3-BF4B-00C04F79EFBC}") = "MyApp.AppServices", "MyApp.AppServices\MyApp.AppServices.csproj", "{85E99A8E-35A7-47A1-A2F9-97A36C9F9B68}"
EndProject
Project("{FAE04EC0-301F-11D3-BF4B-00C04F79EFBC}") = "Sdek.SDK", "Sdek.SDK\Sdek.SDK.csproj", "{C4EB094C-3DEE-4490-95E0-F8593CF1CEDD}"
EndProject
Global
	GlobalSection(SolutionConfigurationPlatforms) = preSolution
		Debug|Any CPU = Debug|Any CPU
		Release|Any CPU = Release|Any CPU
	EndGlobalSection
	GlobalSection(ProjectConfigurationPlatforms) = postSolution
		{95227939-5FF7-42E5-9E52-6155B836E81E}.Debug|Any CPU.ActiveCfg = Debug|Any CPU
		{95227939-5FF7-42E5-9E52-6155B836E81E}.Debug|Any CPU.Build.0 = Debug|Any CPU
		{95227939-5FF7-42E5-9E52-6155B836E81E}.Release|Any CPU.ActiveCfg = Release|Any CPU
		{95227939-5FF7-42E5-9E52-6155B836E81E}.Release|Any CPU.Build.0 = Release|Any CPU
		{9D943006-4919-45FA-9286-50E7AA2891ED}.Debug|Any CPU.ActiveCfg = Debug|Any CPU
		{9D943006-4919-45FA-9286-50E7AA2891ED}.Debug|Any CPU.Build.0 = Debug|Any CPU
		{9D943006-4919-45FA-9286-50E7AA2891ED}.Release|Any CPU.ActiveCfg = Release|Any CPU
		{9D943006-4919-45FA-9286-50E7AA2891ED}.Release|Any CPU.Build.0 = Release|Any CPU
		{85E99A8E-35A7-47A1-A2F9-97A36C9F9B68}.Debug|Any CPU.ActiveCfg = Debug|Any CPU
		{85E99A8E-35A7-47A1-A2F9-97A36C9F9B68}.Debug|Any CPU.Build.0 = Debug|Any CPU
		{85E99A8E-35A7-47A1-A2F9-97A36C9F9B68}.Release|Any CPU.ActiveCfg = Release|Any CPU
		{85E99A8E-35A7-47A1-A2F9-97A36C9F9B68}.Release|Any CPU.Build.0 = Release|Any CPU
		{C4EB094C-3DEE-4490-95E0-F8593CF1CEDD}.Debug|Any CPU.ActiveCfg = Debug|Any CPU
		{C4EB094C-3DEE-4490-95E0-F8593CF1CEDD}.Debug|Any CPU.Build.0 = Debug|Any CPU
		{C4EB094C-3DEE-4490-95E0-F8593CF1CEDD}.Release|Any CPU.ActiveCfg = Release|Any CPU
		{C4EB094C-3DEE-4490-95E0-F8593CF1CEDD}.Release|Any CPU.Build.0 = Release|Any CPU
	EndGlobalSection
	GlobalSection(SolutionProperties) = preSolution
		HideSolutionNode = FALSE
	EndGlobalSection
	GlobalSection(ExtensibilityGlobals) = postSolution
		SolutionGuid = {927C8B09-0425-4420-953C-268E791C04CA}
	EndGlobalSection
EndGlobal
